// !$*UTF8*$!
{
	archiveVersion = 1;
	classes = {
	};
	objectVersion = 50;
	objects = {

/* Begin PBXBuildFile section */
		1AA692600471D01E3059157C /* Pods_ToDoey.framework in Frameworks */ = {isa = PBXBuildFile; fileRef = BAB0245581DF686F1D2E884F /* Pods_ToDoey.framework */; };
		7307749D2146E5FD00BF8ACF /* AppDelegate.swift in Sources */ = {isa = PBXBuildFile; fileRef = 7307749C2146E5FD00BF8ACF /* AppDelegate.swift */; };
		7307749F2146E5FD00BF8ACF /* TodoListViewController.swift in Sources */ = {isa = PBXBuildFile; fileRef = 7307749E2146E5FD00BF8ACF /* TodoListViewController.swift */; };
		730774A22146E5FD00BF8ACF /* Main.storyboard in Resources */ = {isa = PBXBuildFile; fileRef = 730774A02146E5FD00BF8ACF /* Main.storyboard */; };
		730774A42146E5FE00BF8ACF /* Assets.xcassets in Resources */ = {isa = PBXBuildFile; fileRef = 730774A32146E5FE00BF8ACF /* Assets.xcassets */; };
		730774A72146E5FE00BF8ACF /* LaunchScreen.storyboard in Resources */ = {isa = PBXBuildFile; fileRef = 730774A52146E5FE00BF8ACF /* LaunchScreen.storyboard */; };
		730774D72149BCF700BF8ACF /* CategoryVC.swift in Sources */ = {isa = PBXBuildFile; fileRef = 730774D62149BCF700BF8ACF /* CategoryVC.swift */; };
		7345AC27214AEB9E0076A5E2 /* Item.swift in Sources */ = {isa = PBXBuildFile; fileRef = 7345AC26214AEB9E0076A5E2 /* Item.swift */; };
		7345AC29214AEBA90076A5E2 /* Category.swift in Sources */ = {isa = PBXBuildFile; fileRef = 7345AC28214AEBA90076A5E2 /* Category.swift */; };
		73E1D651214C498B00B7EE2B /* SwipeTableViewController.swift in Sources */ = {isa = PBXBuildFile; fileRef = 73E1D650214C498B00B7EE2B /* SwipeTableViewController.swift */; };
/* End PBXBuildFile section */

/* Begin PBXFileReference section */
		730774992146E5FD00BF8ACF /* ToDoey.app */ = {isa = PBXFileReference; explicitFileType = wrapper.application; includeInIndex = 0; path = ToDoey.app; sourceTree = BUILT_PRODUCTS_DIR; };
		7307749C2146E5FD00BF8ACF /* AppDelegate.swift */ = {isa = PBXFileReference; lastKnownFileType = sourcecode.swift; path = AppDelegate.swift; sourceTree = "<group>"; };
		7307749E2146E5FD00BF8ACF /* TodoListViewController.swift */ = {isa = PBXFileReference; lastKnownFileType = sourcecode.swift; path = TodoListViewController.swift; sourceTree = "<group>"; };
		730774A12146E5FD00BF8ACF /* Base */ = {isa = PBXFileReference; lastKnownFileType = file.storyboard; name = Base; path = Base.lproj/Main.storyboard; sourceTree = "<group>"; };
		730774A32146E5FE00BF8ACF /* Assets.xcassets */ = {isa = PBXFileReference; lastKnownFileType = folder.assetcatalog; path = Assets.xcassets; sourceTree = "<group>"; };
		730774A62146E5FE00BF8ACF /* Base */ = {isa = PBXFileReference; lastKnownFileType = file.storyboard; name = Base; path = Base.lproj/LaunchScreen.storyboard; sourceTree = "<group>"; };
		730774A82146E5FE00BF8ACF /* Info.plist */ = {isa = PBXFileReference; lastKnownFileType = text.plist.xml; path = Info.plist; sourceTree = "<group>"; };
		730774D62149BCF700BF8ACF /* CategoryVC.swift */ = {isa = PBXFileReference; lastKnownFileType = sourcecode.swift; path = CategoryVC.swift; sourceTree = "<group>"; };
		7345AC26214AEB9E0076A5E2 /* Item.swift */ = {isa = PBXFileReference; lastKnownFileType = sourcecode.swift; path = Item.swift; sourceTree = "<group>"; };
		7345AC28214AEBA90076A5E2 /* Category.swift */ = {isa = PBXFileReference; lastKnownFileType = sourcecode.swift; path = Category.swift; sourceTree = "<group>"; };
		73E1D650214C498B00B7EE2B /* SwipeTableViewController.swift */ = {isa = PBXFileReference; lastKnownFileType = sourcecode.swift; path = SwipeTableViewController.swift; sourceTree = "<group>"; };
		BAB0245581DF686F1D2E884F /* Pods_ToDoey.framework */ = {isa = PBXFileReference; explicitFileType = wrapper.framework; includeInIndex = 0; path = Pods_ToDoey.framework; sourceTree = BUILT_PRODUCTS_DIR; };
		EF54E4CAF4FAF28A4E632D04 /* Pods-ToDoey.release.xcconfig */ = {isa = PBXFileReference; includeInIndex = 1; lastKnownFileType = text.xcconfig; name = "Pods-ToDoey.release.xcconfig"; path = "Pods/Target Support Files/Pods-ToDoey/Pods-ToDoey.release.xcconfig"; sourceTree = "<group>"; };
		F64CF5E49E5A4FE114A366D4 /* Pods-ToDoey.debug.xcconfig */ = {isa = PBXFileReference; includeInIndex = 1; lastKnownFileType = text.xcconfig; name = "Pods-ToDoey.debug.xcconfig"; path = "Pods/Target Support Files/Pods-ToDoey/Pods-ToDoey.debug.xcconfig"; sourceTree = "<group>"; };
/* End PBXFileReference section */

/* Begin PBXFrameworksBuildPhase section */
		730774962146E5FD00BF8ACF /* Frameworks */ = {
			isa = PBXFrameworksBuildPhase;
			buildActionMask = 2147483647;
			files = (
				1AA692600471D01E3059157C /* Pods_ToDoey.framework in Frameworks */,
			);
			runOnlyForDeploymentPostprocessing = 0;
		};
/* End PBXFrameworksBuildPhase section */

/* Begin PBXGroup section */
		3198753D16670ACA23B4B1B9 /* Frameworks */ = {
			isa = PBXGroup;
			children = (
				BAB0245581DF686F1D2E884F /* Pods_ToDoey.framework */,
			);
			name = Frameworks;
			sourceTree = "<group>";
		};
		730774902146E5FC00BF8ACF = {
			isa = PBXGroup;
			children = (
				7307749B2146E5FD00BF8ACF /* ToDoey */,
				7307749A2146E5FD00BF8ACF /* Products */,
				DED4B25ECB7D5AD458A73BD3 /* Pods */,
				3198753D16670ACA23B4B1B9 /* Frameworks */,
			);
			sourceTree = "<group>";
		};
		7307749A2146E5FD00BF8ACF /* Products */ = {
			isa = PBXGroup;
			children = (
				730774992146E5FD00BF8ACF /* ToDoey.app */,
			);
			name = Products;
			sourceTree = "<group>";
		};
		7307749B2146E5FD00BF8ACF /* ToDoey */ = {
			isa = PBXGroup;
			children = (
				730774B12148068700BF8ACF /* Controller */,
				730774B02148067800BF8ACF /* DataModel */,
				730774A02146E5FD00BF8ACF /* Main.storyboard */,
				730774A32146E5FE00BF8ACF /* Assets.xcassets */,
				730774A52146E5FE00BF8ACF /* LaunchScreen.storyboard */,
				730774A82146E5FE00BF8ACF /* Info.plist */,
			);
			path = ToDoey;
			sourceTree = "<group>";
		};
		730774B02148067800BF8ACF /* DataModel */ = {
			isa = PBXGroup;
			children = (
				7345AC28214AEBA90076A5E2 /* Category.swift */,
				7345AC26214AEB9E0076A5E2 /* Item.swift */,
			);
			path = DataModel;
			sourceTree = "<group>";
		};
		730774B12148068700BF8ACF /* Controller */ = {
			isa = PBXGroup;
			children = (
				730774D62149BCF700BF8ACF /* CategoryVC.swift */,
				7307749E2146E5FD00BF8ACF /* TodoListViewController.swift */,
				7307749C2146E5FD00BF8ACF /* AppDelegate.swift */,
				73E1D650214C498B00B7EE2B /* SwipeTableViewController.swift */,
			);
			path = Controller;
			sourceTree = "<group>";
		};
		DED4B25ECB7D5AD458A73BD3 /* Pods */ = {
			isa = PBXGroup;
			children = (
				F64CF5E49E5A4FE114A366D4 /* Pods-ToDoey.debug.xcconfig */,
				EF54E4CAF4FAF28A4E632D04 /* Pods-ToDoey.release.xcconfig */,
			);
			name = Pods;
			sourceTree = "<group>";
		};
/* End PBXGroup section */

/* Begin PBXNativeTarget section */
		730774982146E5FD00BF8ACF /* ToDoey */ = {
			isa = PBXNativeTarget;
			buildConfigurationList = 730774AB2146E5FE00BF8ACF /* Build configuration list for PBXNativeTarget "ToDoey" */;
			buildPhases = (
				33A79D7F59DBB6D8E9E2080E /* [CP] Check Pods Manifest.lock */,
				730774952146E5FD00BF8ACF /* Sources */,
				730774962146E5FD00BF8ACF /* Frameworks */,
				730774972146E5FD00BF8ACF /* Resources */,
				5FC3D5A6B8CFC13185CC5D66 /* [CP] Embed Pods Frameworks */,
			);
			buildRules = (
			);
			dependencies = (
			);
			name = ToDoey;
			productName = ToDoey;
			productReference = 730774992146E5FD00BF8ACF /* ToDoey.app */;
			productType = "com.apple.product-type.application";
		};
/* End PBXNativeTarget section */

/* Begin PBXProject section */
		730774912146E5FC00BF8ACF /* Project object */ = {
			isa = PBXProject;
			attributes = {
				LastSwiftUpdateCheck = 1000;
				LastUpgradeCheck = 1000;
				ORGANIZATIONNAME = burgeoning;
				TargetAttributes = {
					730774982146E5FD00BF8ACF = {
						CreatedOnToolsVersion = 10.0;
					};
				};
			};
			buildConfigurationList = 730774942146E5FC00BF8ACF /* Build configuration list for PBXProject "ToDoey" */;
			compatibilityVersion = "Xcode 9.3";
			developmentRegion = en;
			hasScannedForEncodings = 0;
			knownRegions = (
				en,
				Base,
			);
			mainGroup = 730774902146E5FC00BF8ACF;
			productRefGroup = 7307749A2146E5FD00BF8ACF /* Products */;
			projectDirPath = "";
			projectRoot = "";
			targets = (
				730774982146E5FD00BF8ACF /* ToDoey */,
			);
		};
/* End PBXProject section */

/* Begin PBXResourcesBuildPhase section */
		730774972146E5FD00BF8ACF /* Resources */ = {
			isa = PBXResourcesBuildPhase;
			buildActionMask = 2147483647;
			files = (
				730774A72146E5FE00BF8ACF /* LaunchScreen.storyboard in Resources */,
				730774A42146E5FE00BF8ACF /* Assets.xcassets in Resources */,
				730774A22146E5FD00BF8ACF /* Main.storyboard in Resources */,
			);
			runOnlyForDeploymentPostprocessing = 0;
		};
/* End PBXResourcesBuildPhase section */

/* Begin PBXShellScriptBuildPhase section */
		33A79D7F59DBB6D8E9E2080E /* [CP] Check Pods Manifest.lock */ = {
			isa = PBXShellScriptBuildPhase;
			buildActionMask = 2147483647;
			files = (
			);
			inputPaths = (
				"${PODS_PODFILE_DIR_PATH}/Podfile.lock",
				"${PODS_ROOT}/Manifest.lock",
			);
			name = "[CP] Check Pods Manifest.lock";
			outputPaths = (
				"$(DERIVED_FILE_DIR)/Pods-ToDoey-checkManifestLockResult.txt",
			);
			runOnlyForDeploymentPostprocessing = 0;
			shellPath = /bin/sh;
			shellScript = "diff \"${PODS_PODFILE_DIR_PATH}/Podfile.lock\" \"${PODS_ROOT}/Manifest.lock\" > /dev/null\nif [ $? != 0 ] ; then\n    # print error to STDERR\n    echo \"error: The sandbox is not in sync with the Podfile.lock. Run 'pod install' or update your CocoaPods installation.\" >&2\n    exit 1\nfi\n# This output is used by Xcode 'outputs' to avoid re-running this script phase.\necho \"SUCCESS\" > \"${SCRIPT_OUTPUT_FILE_0}\"\n";
			showEnvVarsInLog = 0;
		};
		5FC3D5A6B8CFC13185CC5D66 /* [CP] Embed Pods Frameworks */ = {
			isa = PBXShellScriptBuildPhase;
			buildActionMask = 2147483647;
			files = (
			);
			inputPaths = (
				"${SRCROOT}/Pods/Target Support Files/Pods-ToDoey/Pods-ToDoey-frameworks.sh",
				"${BUILT_PRODUCTS_DIR}/Realm/Realm.framework",
				"${BUILT_PRODUCTS_DIR}/RealmSwift/RealmSwift.framework",
				"${BUILT_PRODUCTS_DIR}/SwipeCellKit/SwipeCellKit.framework",
			);
			name = "[CP] Embed Pods Frameworks";
			outputPaths = (
				"${TARGET_BUILD_DIR}/${FRAMEWORKS_FOLDER_PATH}/Realm.framework",
				"${TARGET_BUILD_DIR}/${FRAMEWORKS_FOLDER_PATH}/RealmSwift.framework",
				"${TARGET_BUILD_DIR}/${FRAMEWORKS_FOLDER_PATH}/SwipeCellKit.framework",
			);
			runOnlyForDeploymentPostprocessing = 0;
			shellPath = /bin/sh;
			shellScript = "\"${SRCROOT}/Pods/Target Support Files/Pods-ToDoey/Pods-ToDoey-frameworks.sh\"\n";
			showEnvVarsInLog = 0;
		};
/* End PBXShellScriptBuildPhase section */

/* Begin PBXSourcesBuildPhase section */
		730774952146E5FD00BF8ACF /* Sources */ = {
			isa = PBXSourcesBuildPhase;
			buildActionMask = 2147483647;
			files = (
				7307749F2146E5FD00BF8ACF /* TodoListViewController.swift in Sources */,
				730774D72149BCF700BF8ACF /* CategoryVC.swift in Sources */,
				7345AC27214AEB9E0076A5E2 /* Item.swift in Sources */,
				7307749D2146E5FD00BF8ACF /* AppDelegate.swift in Sources */,
				73E1D651214C498B00B7EE2B /* SwipeTableViewController.swift in Sources */,
				7345AC29214AEBA90076A5E2 /* Category.swift in Sources */,
			);
			runOnlyForDeploymentPostprocessing = 0;
		};
/* End PBXSourcesBuildPhase section */

/* Begin PBXVariantGroup section */
		730774A02146E5FD00BF8ACF /* Main.storyboard */ = {
			isa = PBXVariantGroup;
			children = (
				730774A12146E5FD00BF8ACF /* Base */,
			);
			name = Main.storyboard;
			sourceTree = "<group>";
		};
		730774A52146E5FE00BF8ACF /* LaunchScreen.storyboard */ = {
			isa = PBXVariantGroup;
			children = (
				730774A62146E5FE00BF8ACF /* Base */,
			);
			name = LaunchScreen.storyboard;
			sourceTree = "<group>";
		};
/* End PBXVariantGroup section */

/* Begin XCBuildConfiguration section */
		730774A92146E5FE00BF8ACF /* Debug */ = {
			isa = XCBuildConfiguration;
			buildSettings = {
				ALWAYS_SEARCH_USER_PATHS = NO;
				CLANG_ANALYZER_NONNULL = YES;
				CLANG_ANALYZER_NUMBER_OBJECT_CONVERSION = YES_AGGRESSIVE;
				CLANG_CXX_LANGUAGE_STANDARD = "gnu++14";
				CLANG_CXX_LIBRARY = "libc++";
				CLANG_ENABLE_MODULES = YES;
				CLANG_ENABLE_OBJC_ARC = YES;
				CLANG_ENABLE_OBJC_WEAK = YES;
				CLANG_WARN_BLOCK_CAPTURE_AUTORELEASING = YES;
				CLANG_WARN_BOOL_CONVERSION = YES;
				CLANG_WARN_COMMA = YES;
				CLANG_WARN_CONSTANT_CONVERSION = YES;
				CLANG_WARN_DEPRECATED_OBJC_IMPLEMENTATIONS = YES;
				CLANG_WARN_DIRECT_OBJC_ISA_USAGE = YES_ERROR;
				CLANG_WARN_DOCUMENTATION_COMMENTS = YES;
				CLANG_WARN_EMPTY_BODY = YES;
				CLANG_WARN_ENUM_CONVERSION = YES;
				CLANG_WARN_INFINITE_RECURSION = YES;
				CLANG_WARN_INT_CONVERSION = YES;
				CLANG_WARN_NON_LITERAL_NULL_CONVERSION = YES;
				CLANG_WARN_OBJC_IMPLICIT_RETAIN_SELF = YES;
				CLANG_WARN_OBJC_LITERAL_CONVERSION = YES;
				CLANG_WARN_OBJC_ROOT_CLASS = YES_ERROR;
				CLANG_WARN_RANGE_LOOP_ANALYSIS = YES;
				CLANG_WARN_STRICT_PROTOTYPES = YES;
				CLANG_WARN_SUSPICIOUS_MOVE = YES;
				CLANG_WARN_UNGUARDED_AVAILABILITY = YES_AGGRESSIVE;
				CLANG_WARN_UNREACHABLE_CODE = YES;
				CLANG_WARN__DUPLICATE_METHOD_MATCH = YES;
				CODE_SIGN_IDENTITY = "iPhone Developer";
				COPY_PHASE_STRIP = NO;
				DEBUG_INFORMATION_FORMAT = dwarf;
				ENABLE_STRICT_OBJC_MSGSEND = YES;
				ENABLE_TESTABILITY = YES;
				GCC_C_LANGUAGE_STANDARD = gnu11;
				GCC_DYNAMIC_NO_PIC = NO;
				GCC_NO_COMMON_BLOCKS = YES;
				GCC_OPTIMIZATION_LEVEL = 0;
				GCC_PREPROCESSOR_DEFINITIONS = (
					"DEBUG=1",
					"$(inherited)",
				);
				GCC_WARN_64_TO_32_BIT_CONVERSION = YES;
				GCC_WARN_ABOUT_RETURN_TYPE = YES_ERROR;
				GCC_WARN_UNDECLARED_SELECTOR = YES;
				GCC_WARN_UNINITIALIZED_AUTOS = YES_AGGRESSIVE;
				GCC_WARN_UNUSED_FUNCTION = YES;
				GCC_WARN_UNUSED_VARIABLE = YES;
				IPHONEOS_DEPLOYMENT_TARGET = 12.0;
				MTL_ENABLE_DEBUG_INFO = INCLUDE_SOURCE;
				MTL_FAST_MATH = YES;
				ONLY_ACTIVE_ARCH = YES;
				SDKROOT = iphoneos;
				SWIFT_ACTIVE_COMPILATION_CONDITIONS = DEBUG;
				SWIFT_OPTIMIZATION_LEVEL = "-Onone";
			};
			name = Debug;
		};
		730774AA2146E5FE00BF8ACF /* Release */ = {
			isa = XCBuildConfiguration;
			buildSettings = {
				ALWAYS_SEARCH_USER_PATHS = NO;
				CLANG_ANALYZER_NONNULL = YES;
				CLANG_ANALYZER_NUMBER_OBJECT_CONVERSION = YES_AGGRESSIVE;
				CLANG_CXX_LANGUAGE_STANDARD = "gnu++14";
				CLANG_CXX_LIBRARY = "libc++";
				CLANG_ENABLE_MODULES = YES;
				CLANG_ENABLE_OBJC_ARC = YES;
				CLANG_ENABLE_OBJC_WEAK = YES;
				CLANG_WARN_BLOCK_CAPTURE_AUTORELEASING = YES;
				CLANG_WARN_BOOL_CONVERSION = YES;
				CLANG_WARN_COMMA = YES;
				CLANG_WARN_CONSTANT_CONVERSION = YES;
				CLANG_WARN_DEPRECATED_OBJC_IMPLEMENTATIONS = YES;
				CLANG_WARN_DIRECT_OBJC_ISA_USAGE = YES_ERROR;
				CLANG_WARN_DOCUMENTATION_COMMENTS = YES;
				CLANG_WARN_EMPTY_BODY = YES;
				CLANG_WARN_ENUM_CONVERSION = YES;
				CLANG_WARN_INFINITE_RECURSION = YES;
				CLANG_WARN_INT_CONVERSION = YES;
				CLANG_WARN_NON_LITERAL_NULL_CONVERSION = YES;
				CLANG_WARN_OBJC_IMPLICIT_RETAIN_SELF = YES;
				CLANG_WARN_OBJC_LITERAL_CONVERSION = YES;
				CLANG_WARN_OBJC_ROOT_CLASS = YES_ERROR;
				CLANG_WARN_RANGE_LOOP_ANALYSIS = YES;
				CLANG_WARN_STRICT_PROTOTYPES = YES;
				CLANG_WARN_SUSPICIOUS_MOVE = YES;
				CLANG_WARN_UNGUARDED_AVAILABILITY = YES_AGGRESSIVE;
				CLANG_WARN_UNREACHABLE_CODE = YES;
				CLANG_WARN__DUPLICATE_METHOD_MATCH = YES;
				CODE_SIGN_IDENTITY = "iPhone Developer";
				COPY_PHASE_STRIP = NO;
				DEBUG_INFORMATION_FORMAT = "dwarf-with-dsym";
				ENABLE_NS_ASSERTIONS = NO;
				ENABLE_STRICT_OBJC_MSGSEND = YES;
				GCC_C_LANGUAGE_STANDARD = gnu11;
				GCC_NO_COMMON_BLOCKS = YES;
				GCC_WARN_64_TO_32_BIT_CONVERSION = YES;
				GCC_WARN_ABOUT_RETURN_TYPE = YES_ERROR;
				GCC_WARN_UNDECLARED_SELECTOR = YES;
				GCC_WARN_UNINITIALIZED_AUTOS = YES_AGGRESSIVE;
				GCC_WARN_UNUSED_FUNCTION = YES;
				GCC_WARN_UNUSED_VARIABLE = YES;
				IPHONEOS_DEPLOYMENT_TARGET = 12.0;
				MTL_ENABLE_DEBUG_INFO = NO;
				MTL_FAST_MATH = YES;
				SDKROOT = iphoneos;
				SWIFT_COMPILATION_MODE = wholemodule;
				SWIFT_OPTIMIZATION_LEVEL = "-O";
				VALIDATE_PRODUCT = YES;
			};
			name = Release;
		};
		730774AC2146E5FE00BF8ACF /* Debug */ = {
			isa = XCBuildConfiguration;
			baseConfigurationReference = F64CF5E49E5A4FE114A366D4 /* Pods-ToDoey.debug.xcconfig */;
			buildSettings = {
				ASSETCATALOG_COMPILER_APPICON_NAME = AppIcon;
				CODE_SIGN_STYLE = Automatic;
				DEVELOPMENT_TEAM = 3H35BWV574;
				INFOPLIST_FILE = ToDoey/Info.plist;
				LD_RUNPATH_SEARCH_PATHS = (
					"$(inherited)",
					"@executable_path/Frameworks",
				);
				PRODUCT_BUNDLE_IDENTIFIER = com.burgeoning.ToDoey;
				PRODUCT_NAME = "$(TARGET_NAME)";
				SWIFT_VERSION = 4.2;
				TARGETED_DEVICE_FAMILY = "1,2";
			};
			name = Debug;
		};
		730774AD2146E5FE00BF8ACF /* Release */ = {
			isa = XCBuildConfiguration;
			baseConfigurationReference = EF54E4CAF4FAF28A4E632D04 /* Pods-ToDoey.release.xcconfig */;
			buildSettings = {
				ASSETCATALOG_COMPILER_APPICON_NAME = AppIcon;
				CODE_SIGN_STYLE = Automatic;
				DEVELOPMENT_TEAM = 3H35BWV574;
				INFOPLIST_FILE = ToDoey/Info.plist;
				LD_RUNPATH_SEARCH_PATHS = (
					"$(inherited)",
					"@executable_path/Frameworks",
				);
				PRODUCT_BUNDLE_IDENTIFIER = com.burgeoning.ToDoey;
				PRODUCT_NAME = "$(TARGET_NAME)";
				SWIFT_VERSION = 4.2;
				TARGETED_DEVICE_FAMILY = "1,2";
			};
			name = Release;
		};
/* End XCBuildConfiguration section */

/* Begin XCConfigurationList section */
		730774942146E5FC00BF8ACF /* Build configuration list for PBXProject "ToDoey" */ = {
			isa = XCConfigurationList;
			buildConfigurations = (
				730774A92146E5FE00BF8ACF /* Debug */,
				730774AA2146E5FE00BF8ACF /* Release */,
			);
			defaultConfigurationIsVisible = 0;
			defaultConfigurationName = Release;
		};
		730774AB2146E5FE00BF8ACF /* Build configuration list for PBXNativeTarget "ToDoey" */ = {
			isa = XCConfigurationList;
			buildConfigurations = (
				730774AC2146E5FE00BF8ACF /* Debug */,
				730774AD2146E5FE00BF8ACF /* Release */,
			);
			defaultConfigurationIsVisible = 0;
			defaultConfigurationName = Release;
		};
/* End XCConfigurationList section */
	};
	rootObject = 730774912146E5FC00BF8ACF /* Project object */;
}
